# This file is auto-generated by uv. Do not edit.
appnope==0.1.3
    # via ipython
asgiref==3.7.2
    # via
    #   uvicorn
bcrypt==4.0.1
bcrypt==4.0.1
    # via aichildedu (project)
black==23.12.1
    # via aichildedu (project)
boto3==1.34.7
    # via aichildedu (project)
botocore==1.34.7
    # via
    #   boto3
    #   s3transfer
bson==0.5.10
    # via aichildedu (project)
celery==5.3.6
    # via aichildedu (project)
certifi==2023.11.17
    # via
    #   elasticsearch
    #   httpcore
    #   httpx
    #   requests
click==8.1.7
    # via
    #   black
    #   celery
    #   uvicorn
distro==1.9.0
    # via openai
dnspython==2.4.2
    # via pymongo
ecdsa==0.18.0
    # via python-jose
elastic-transport==8.11.0
    # via elasticsearch
elasticsearch==8.11.1
    # via aichildedu (project)
fastapi==0.110.0
    # via aichildedu (project)
ffmpeg-python==0.2.0
    # via aichildedu (project)
filelock==3.13.1
    # via
    #   huggingface-hub
    #   torch
    #   transformers
flake8==6.1.0
    # via aichildedu (project)
future==0.18.3
    # via ffmpeg-python
greenlet==3.0.3
    # via sqlalchemy
h11==0.14.0
    # via
    #   httpcore
    #   uvicorn
h2==4.1.0
    # via httpx
hpack==4.0.0
    # via h2
httpcore==1.0.2
    # via httpx
httpx==0.25.2
    # via
    #   aichildedu (project)
    #   langchain-community
    #   openai
huggingface-hub==0.20.3
    # via
    #   tokenizers
    #   transformers
hyperframe==6.0.1
    # via h2
idna==3.6
    # via
    #   httpx
    #   requests
    #   yarl
iniconfig==2.0.0
    # via pytest
isort==5.13.2
    # via aichildedu (project)
jmespath==1.0.1
    # via
    #   boto3
    #   botocore
jsonpatch==1.33
    # via langchain-core
jsonpointer==2.4
    # via jsonpatch
kafka-python==2.0.2
    # via aichildedu (project)
kombu==5.3.4
    # via celery
langchain==0.1.1
    # via
    #   aichildedu (project)
    #   langchain-openai
langchain-community==0.0.12
    # via
    #   aichildedu (project)
    #   langchain
langchain-core==0.1.3
    # via
    #   aichildedu (project)
    #   langchain
    #   langchain-community
    #   langchain-openai
langchain-openai==0.0.5
    # via aichildedu (project)
langsmith==0.0.77
    # via langchain
mccabe==0.7.0
    # via flake8
minio==7.2.0
    # via aichildedu (project)
motor==3.3.2
    # via aichildedu (project)
mpmath==1.3.0
    # via sympy
mypy==1.8.0
    # via aichildedu (project)
mypy-extensions==1.0.0
    # via
    #   black
    #   mypy
networkx==3.2.1
    # via torch
numpy==1.26.3
    # via
    #   opencv-python
    #   pandas
    #   tensorboard
    #   tensorflow
    #   torch
    #   transformers
opencv-python==4.8.1.78
    # via aichildedu (project)
openai==1.10.0
    # via
    #   aichildedu (project)
    #   langchain-openai
orjson==3.9.10
    # via langchain-core
packaging==23.2
    # via
    #   black
    #   huggingface-hub
    #   pytest
    #   tensorboard
    #   tensorflow
passlib==1.7.4
    # via aichildedu (project)
pathspec==0.12.1
    # via black
pillow==10.1.0
    # via aichildedu (project)
platformdirs==4.1.0
    # via black
pluggy==1.3.0
    # via pytest
prisma==0.10.0
    # via aichildedu (project)
prometheus-client==0.19.0
    # via prisma
psycopg2-binary==2.9.9
    # via aichildedu (project)
pyasn1==0.5.1
    # via
    #   python-jose
    #   rsa
pycodestyle==2.11.1
    # via flake8
pydantic==1.10.13
    # via
    #   aichildedu (project)
    #   fastapi
    #   langchain-core
    #   prisma
pyflakes==3.1.0
    # via flake8
pymongo==4.6.1
    # via
    #   aichildedu (project)
    #   bson
    #   motor
pytest==7.4.3
    # via
    #   aichildedu (project)
    #   pytest-cov
pytest-cov==4.1.0
    # via aichildedu (project)
python-dateutil==2.8.2
    # via
    #   botocore
    #   pandas
python-dotenv==1.0.0
    # via aichildedu (project)
python-jose==3.3.0
    # via aichildedu (project)
python-multipart==0.0.7
    # via aichildedu (project)
pytz==2023.3.post1
    # via pandas
pyyaml==6.0.1
    # via
    #   huggingface-hub
    #   langchain-core
    #   transformers
redis==5.0.1
    # via aichildedu (project)
regex==2023.10.3
    # via transformers
requests==2.31.0
    # via
    #   aichildedu (project)
    #   huggingface-hub
    #   langchain-community
    #   langsmith
    #   minio
    #   openai
    #   tensorboard
    #   transformers
rsa==4.9
    # via python-jose
s3transfer==0.8.2
    # via boto3
safetensors==0.4.1
    # via transformers
six==1.16.0
    # via
    #   ecdsa
    #   ffmpeg-python
    #   python-dateutil
sniffio==1.3.0
    # via
    #   httpcore
    #   httpx
sqlalchemy==2.0.27
    # via aichildedu (project)
starlette==0.36.3
    # via
    #   aichildedu (project)
    #   fastapi
sympy==1.12
    # via torch
tenacity==8.2.3
    # via
    #   aichildedu (project)
    #   langchain-core
    #   langsmith
tensorflow==2.15.0
    # via aichildedu (project)
torch==2.1.2
    # via aichildedu (project)
tokenizers==0.15.0
    # via transformers
transformers==4.35.2
    # via aichildedu (project)
typing-extensions==4.9.0
    # via
    #   fastapi
    #   huggingface-hub
    #   langchain-core
    #   mypy
    #   openai
    #   pydantic
    #   sqlalchemy
    #   tensorflow
    #   torch
urllib3==1.26.18
    # via
    #   botocore
    #   elastic-transport
    #   langchain-community
    #   requests
uvicorn==0.27.1
    # via aichildedu (project)
vine==5.1.0
    # via
    #   amqp
    #   celery
    #   kombu
yarl==1.9.4
    # via langsmith 